
Microsoft Visual Studio Solution File, Format Version 12.00
# Visual Studio Version 16
VisualStudioVersion = 16.0.30907.101
MinimumVisualStudioVersion = 10.0.40219.1
Project("{FAE04EC0-301F-11D3-BF4B-00C04F79EFBC}") = "AP8PO", "AP8PO.csproj", "{B1693469-87BD-4938-ADC9-CDAC0B52EB8F}"
EndProject
Global
	GlobalSection(SolutionConfigurationPlatforms) = preSolution
		Debug|Any CPU = Debug|Any CPU
		Release|Any CPU = Release|Any CPU
	EndGlobalSection
	GlobalSection(ProjectConfigurationPlatforms) = postSolution
		{B1693469-87BD-4938-ADC9-CDAC0B52EB8F}.Debug|Any CPU.ActiveCfg = Debug|Any CPU
		{B1693469-87BD-4938-ADC9-CDAC0B52EB8F}.Debug|Any CPU.Build.0 = Debug|Any CPU
		{B1693469-87BD-4938-ADC9-CDAC0B52EB8F}.Release|Any CPU.ActiveCfg = Release|Any CPU
		{B1693469-87BD-4938-ADC9-CDAC0B52EB8F}.Release|Any CPU.Build.0 = Release|Any CPU
	EndGlobalSection
	GlobalSection(SolutionProperties) = preSolution
		HideSolutionNode = FALSE
	EndGlobalSection
	GlobalSection(ExtensibilityGlobals) = postSolution
		SolutionGuid = {BD8BAA27-950A-4089-8BE4-D52E0A726282}
	EndGlobalSection
EndGlobal
